
Microsoft Visual Studio Solution File, Format Version 12.00
# Visual Studio Version 16
VisualStudioVersion = 16.0.29319.158
MinimumVisualStudioVersion = 10.0.40219.1
Project("{9A19103F-16F7-4668-BE54-9A1E7A4F7556}") = ".nunitreporter", ".nunitreporter.csproj", "{57178C15-F682-49A4-A4A6-2D1631FBCCA1}"
EndProject
Global
	GlobalSection(SolutionConfigurationPlatforms) = preSolution
		Debug|Any CPU = Debug|Any CPU
		Release|Any CPU = Release|Any CPU
	EndGlobalSection
	GlobalSection(ProjectConfigurationPlatforms) = postSolution
		{57178C15-F682-49A4-A4A6-2D1631FBCCA1}.Debug|Any CPU.ActiveCfg = Debug|Any CPU
		{57178C15-F682-49A4-A4A6-2D1631FBCCA1}.Debug|Any CPU.Build.0 = Debug|Any CPU
		{57178C15-F682-49A4-A4A6-2D1631FBCCA1}.Release|Any CPU.ActiveCfg = Release|Any CPU
		{57178C15-F682-49A4-A4A6-2D1631FBCCA1}.Release|Any CPU.Build.0 = Release|Any CPU
	EndGlobalSection
	GlobalSection(SolutionProperties) = preSolution
		HideSolutionNode = FALSE
	EndGlobalSection
	GlobalSection(ExtensibilityGlobals) = postSolution
		SolutionGuid = {8866DB2F-0732-480F-9EB0-12622EC4BE41}
	EndGlobalSection
EndGlobal
